// !$*UTF8*$!
{
	archiveVersion = 1;
	classes = {
	};
	objectVersion = 50;
	objects = {

/* Begin PBXBuildFile section */
		ADAA27F12136B40E009FE6D9 /* AppDelegate.swift in Sources */ = {isa = PBXBuildFile; fileRef = ADAA27F02136B40E009FE6D9 /* AppDelegate.swift */; };
		ADAA27F32136B40E009FE6D9 /* ViewController.swift in Sources */ = {isa = PBXBuildFile; fileRef = ADAA27F22136B40E009FE6D9 /* ViewController.swift */; };
		ADAA27F62136B40E009FE6D9 /* Main.storyboard in Resources */ = {isa = PBXBuildFile; fileRef = ADAA27F42136B40E009FE6D9 /* Main.storyboard */; };
		ADAA27F82136B410009FE6D9 /* Assets.xcassets in Resources */ = {isa = PBXBuildFile; fileRef = ADAA27F72136B410009FE6D9 /* Assets.xcassets */; };
		ADAA27FB2136B410009FE6D9 /* LaunchScreen.storyboard in Resources */ = {isa = PBXBuildFile; fileRef = ADAA27F92136B410009FE6D9 /* LaunchScreen.storyboard */; };
		ADAA28032136B420009FE6D9 /* SetGame.swift in Sources */ = {isa = PBXBuildFile; fileRef = ADAA28022136B420009FE6D9 /* SetGame.swift */; };
		ADAA28052136B42B009FE6D9 /* Card.swift in Sources */ = {isa = PBXBuildFile; fileRef = ADAA28042136B42B009FE6D9 /* Card.swift */; };
		ADAA280C2136C909009FE6D9 /* Color.swift in Sources */ = {isa = PBXBuildFile; fileRef = ADAA280B2136C909009FE6D9 /* Color.swift */; };
		ADAA280E2136C95B009FE6D9 /* Pattern.swift in Sources */ = {isa = PBXBuildFile; fileRef = ADAA280D2136C95B009FE6D9 /* Pattern.swift */; };
		ADAA28102136C9E5009FE6D9 /* Shading.swift in Sources */ = {isa = PBXBuildFile; fileRef = ADAA280F2136C9E5009FE6D9 /* Shading.swift */; };
		ADAA28122136CA1C009FE6D9 /* Number.swift in Sources */ = {isa = PBXBuildFile; fileRef = ADAA28112136CA1C009FE6D9 /* Number.swift */; };
		ADAA28162136E4F2009FE6D9 /* CardProperty.swift in Sources */ = {isa = PBXBuildFile; fileRef = ADAA28152136E4F2009FE6D9 /* CardProperty.swift */; };
/* End PBXBuildFile section */

/* Begin PBXFileReference section */
		ADAA27ED2136B40E009FE6D9 /* Set.app */ = {isa = PBXFileReference; explicitFileType = wrapper.application; includeInIndex = 0; path = Set.app; sourceTree = BUILT_PRODUCTS_DIR; };
		ADAA27F02136B40E009FE6D9 /* AppDelegate.swift */ = {isa = PBXFileReference; lastKnownFileType = sourcecode.swift; path = AppDelegate.swift; sourceTree = "<group>"; };
		ADAA27F22136B40E009FE6D9 /* ViewController.swift */ = {isa = PBXFileReference; lastKnownFileType = sourcecode.swift; path = ViewController.swift; sourceTree = "<group>"; };
		ADAA27F52136B40E009FE6D9 /* Base */ = {isa = PBXFileReference; lastKnownFileType = file.storyboard; name = Base; path = Base.lproj/Main.storyboard; sourceTree = "<group>"; };
		ADAA27F72136B410009FE6D9 /* Assets.xcassets */ = {isa = PBXFileReference; lastKnownFileType = folder.assetcatalog; path = Assets.xcassets; sourceTree = "<group>"; };
		ADAA27FA2136B410009FE6D9 /* Base */ = {isa = PBXFileReference; lastKnownFileType = file.storyboard; name = Base; path = Base.lproj/LaunchScreen.storyboard; sourceTree = "<group>"; };
		ADAA27FC2136B410009FE6D9 /* Info.plist */ = {isa = PBXFileReference; lastKnownFileType = text.plist.xml; path = Info.plist; sourceTree = "<group>"; };
		ADAA28022136B420009FE6D9 /* SetGame.swift */ = {isa = PBXFileReference; lastKnownFileType = sourcecode.swift; path = SetGame.swift; sourceTree = "<group>"; };
		ADAA28042136B42B009FE6D9 /* Card.swift */ = {isa = PBXFileReference; lastKnownFileType = sourcecode.swift; path = Card.swift; sourceTree = "<group>"; };
		ADAA280B2136C909009FE6D9 /* Color.swift */ = {isa = PBXFileReference; lastKnownFileType = sourcecode.swift; path = Color.swift; sourceTree = "<group>"; };
		ADAA280D2136C95B009FE6D9 /* Pattern.swift */ = {isa = PBXFileReference; lastKnownFileType = sourcecode.swift; path = Pattern.swift; sourceTree = "<group>"; };
		ADAA280F2136C9E5009FE6D9 /* Shading.swift */ = {isa = PBXFileReference; lastKnownFileType = sourcecode.swift; path = Shading.swift; sourceTree = "<group>"; };
		ADAA28112136CA1C009FE6D9 /* Number.swift */ = {isa = PBXFileReference; lastKnownFileType = sourcecode.swift; path = Number.swift; sourceTree = "<group>"; };
		ADAA28152136E4F2009FE6D9 /* CardProperty.swift */ = {isa = PBXFileReference; lastKnownFileType = sourcecode.swift; path = CardProperty.swift; sourceTree = "<group>"; };
/* End PBXFileReference section */

/* Begin PBXFrameworksBuildPhase section */
		ADAA27EA2136B40E009FE6D9 /* Frameworks */ = {
			isa = PBXFrameworksBuildPhase;
			buildActionMask = 2147483647;
			files = (
			);
			runOnlyForDeploymentPostprocessing = 0;
		};
/* End PBXFrameworksBuildPhase section */

/* Begin PBXGroup section */
		ADAA27E42136B40E009FE6D9 = {
			isa = PBXGroup;
			children = (
				ADAA27EF2136B40E009FE6D9 /* Set */,
				ADAA27EE2136B40E009FE6D9 /* Products */,
			);
			sourceTree = "<group>";
		};
		ADAA27EE2136B40E009FE6D9 /* Products */ = {
			isa = PBXGroup;
			children = (
				ADAA27ED2136B40E009FE6D9 /* Set.app */,
			);
			name = Products;
			sourceTree = "<group>";
		};
		ADAA27EF2136B40E009FE6D9 /* Set */ = {
			isa = PBXGroup;
			children = (
				ADAA28062136B437009FE6D9 /* Supporting Files */,
				ADAA27F22136B40E009FE6D9 /* ViewController.swift */,
				ADAA27F42136B40E009FE6D9 /* Main.storyboard */,
				ADAA27FC2136B410009FE6D9 /* Info.plist */,
				ADAA28022136B420009FE6D9 /* SetGame.swift */,
				ADAA28042136B42B009FE6D9 /* Card.swift */,
				ADAA28142136CA68009FE6D9 /* Props */,
			);
			path = Set;
			sourceTree = "<group>";
		};
		ADAA28062136B437009FE6D9 /* Supporting Files */ = {
			isa = PBXGroup;
			children = (
				ADAA27F02136B40E009FE6D9 /* AppDelegate.swift */,
				ADAA27F72136B410009FE6D9 /* Assets.xcassets */,
				ADAA27F92136B410009FE6D9 /* LaunchScreen.storyboard */,
			);
			path = "Supporting Files";
			sourceTree = "<group>";
		};
		ADAA28142136CA68009FE6D9 /* Props */ = {
			isa = PBXGroup;
			children = (
				ADAA280B2136C909009FE6D9 /* Color.swift */,
				ADAA280D2136C95B009FE6D9 /* Pattern.swift */,
				ADAA280F2136C9E5009FE6D9 /* Shading.swift */,
				ADAA28112136CA1C009FE6D9 /* Number.swift */,
				ADAA28152136E4F2009FE6D9 /* CardProperty.swift */,
			);
			path = Props;
			sourceTree = "<group>";
		};
/* End PBXGroup section */

/* Begin PBXNativeTarget section */
		ADAA27EC2136B40E009FE6D9 /* Set */ = {
			isa = PBXNativeTarget;
			buildConfigurationList = ADAA27FF2136B410009FE6D9 /* Build configuration list for PBXNativeTarget "Set" */;
			buildPhases = (
				ADAA27E92136B40E009FE6D9 /* Sources */,
				ADAA27EA2136B40E009FE6D9 /* Frameworks */,
				ADAA27EB2136B40E009FE6D9 /* Resources */,
			);
			buildRules = (
			);
			dependencies = (
			);
			name = Set;
			productName = Set;
			productReference = ADAA27ED2136B40E009FE6D9 /* Set.app */;
			productType = "com.apple.product-type.application";
		};
/* End PBXNativeTarget section */

/* Begin PBXProject section */
		ADAA27E52136B40E009FE6D9 /* Project object */ = {
			isa = PBXProject;
			attributes = {
				LastSwiftUpdateCheck = 0940;
				LastUpgradeCheck = 0940;
				ORGANIZATIONNAME = "Steven McGrath";
				TargetAttributes = {
					ADAA27EC2136B40E009FE6D9 = {
						CreatedOnToolsVersion = 9.4.1;
					};
				};
			};
			buildConfigurationList = ADAA27E82136B40E009FE6D9 /* Build configuration list for PBXProject "Set" */;
			compatibilityVersion = "Xcode 9.3";
			developmentRegion = en;
			hasScannedForEncodings = 0;
			knownRegions = (
				en,
				Base,
			);
			mainGroup = ADAA27E42136B40E009FE6D9;
			productRefGroup = ADAA27EE2136B40E009FE6D9 /* Products */;
			projectDirPath = "";
			projectRoot = "";
			targets = (
				ADAA27EC2136B40E009FE6D9 /* Set */,
			);
		};
/* End PBXProject section */

/* Begin PBXResourcesBuildPhase section */
		ADAA27EB2136B40E009FE6D9 /* Resources */ = {
			isa = PBXResourcesBuildPhase;
			buildActionMask = 2147483647;
			files = (
				ADAA27FB2136B410009FE6D9 /* LaunchScreen.storyboard in Resources */,
				ADAA27F82136B410009FE6D9 /* Assets.xcassets in Resources */,
				ADAA27F62136B40E009FE6D9 /* Main.storyboard in Resources */,
			);
			runOnlyForDeploymentPostprocessing = 0;
		};
/* End PBXResourcesBuildPhase section */

/* Begin PBXSourcesBuildPhase section */
		ADAA27E92136B40E009FE6D9 /* Sources */ = {
			isa = PBXSourcesBuildPhase;
			buildActionMask = 2147483647;
			files = (
				ADAA28122136CA1C009FE6D9 /* Number.swift in Sources */,
				ADAA28162136E4F2009FE6D9 /* CardProperty.swift in Sources */,
				ADAA280E2136C95B009FE6D9 /* Pattern.swift in Sources */,
				ADAA27F32136B40E009FE6D9 /* ViewController.swift in Sources */,
				ADAA27F12136B40E009FE6D9 /* AppDelegate.swift in Sources */,
				ADAA28032136B420009FE6D9 /* SetGame.swift in Sources */,
				ADAA280C2136C909009FE6D9 /* Color.swift in Sources */,
				ADAA28052136B42B009FE6D9 /* Card.swift in Sources */,
				ADAA28102136C9E5009FE6D9 /* Shading.swift in Sources */,
			);
			runOnlyForDeploymentPostprocessing = 0;
		};
/* End PBXSourcesBuildPhase section */

/* Begin PBXVariantGroup section */
		ADAA27F42136B40E009FE6D9 /* Main.storyboard */ = {
			isa = PBXVariantGroup;
			children = (
				ADAA27F52136B40E009FE6D9 /* Base */,
			);
			name = Main.storyboard;
			sourceTree = "<group>";
		};
		ADAA27F92136B410009FE6D9 /* LaunchScreen.storyboard */ = {
			isa = PBXVariantGroup;
			children = (
				ADAA27FA2136B410009FE6D9 /* Base */,
			);
			name = LaunchScreen.storyboard;
			sourceTree = "<group>";
		};
/* End PBXVariantGroup section */

/* Begin XCBuildConfiguration section */
		ADAA27FD2136B410009FE6D9 /* Debug */ = {
			isa = XCBuildConfiguration;
			buildSettings = {
				ALWAYS_SEARCH_USER_PATHS = NO;
				CLANG_ANALYZER_NONNULL = YES;
				CLANG_ANALYZER_NUMBER_OBJECT_CONVERSION = YES_AGGRESSIVE;
				CLANG_CXX_LANGUAGE_STANDARD = "gnu++14";
				CLANG_CXX_LIBRARY = "libc++";
				CLANG_ENABLE_MODULES = YES;
				CLANG_ENABLE_OBJC_ARC = YES;
				CLANG_ENABLE_OBJC_WEAK = YES;
				CLANG_WARN_BLOCK_CAPTURE_AUTORELEASING = YES;
				CLANG_WARN_BOOL_CONVERSION = YES;
				CLANG_WARN_COMMA = YES;
				CLANG_WARN_CONSTANT_CONVERSION = YES;
				CLANG_WARN_DEPRECATED_OBJC_IMPLEMENTATIONS = YES;
				CLANG_WARN_DIRECT_OBJC_ISA_USAGE = YES_ERROR;
				CLANG_WARN_DOCUMENTATION_COMMENTS = YES;
				CLANG_WARN_EMPTY_BODY = YES;
				CLANG_WARN_ENUM_CONVERSION = YES;
				CLANG_WARN_INFINITE_RECURSION = YES;
				CLANG_WARN_INT_CONVERSION = YES;
				CLANG_WARN_NON_LITERAL_NULL_CONVERSION = YES;
				CLANG_WARN_OBJC_IMPLICIT_RETAIN_SELF = YES;
				CLANG_WARN_OBJC_LITERAL_CONVERSION = YES;
				CLANG_WARN_OBJC_ROOT_CLASS = YES_ERROR;
				CLANG_WARN_RANGE_LOOP_ANALYSIS = YES;
				CLANG_WARN_STRICT_PROTOTYPES = YES;
				CLANG_WARN_SUSPICIOUS_MOVE = YES;
				CLANG_WARN_UNGUARDED_AVAILABILITY = YES_AGGRESSIVE;
				CLANG_WARN_UNREACHABLE_CODE = YES;
				CLANG_WARN__DUPLICATE_METHOD_MATCH = YES;
				CODE_SIGN_IDENTITY = "iPhone Developer";
				COPY_PHASE_STRIP = NO;
				DEBUG_INFORMATION_FORMAT = dwarf;
				ENABLE_STRICT_OBJC_MSGSEND = YES;
				ENABLE_TESTABILITY = YES;
				GCC_C_LANGUAGE_STANDARD = gnu11;
				GCC_DYNAMIC_NO_PIC = NO;
				GCC_NO_COMMON_BLOCKS = YES;
				GCC_OPTIMIZATION_LEVEL = 0;
				GCC_PREPROCESSOR_DEFINITIONS = (
					"DEBUG=1",
					"$(inherited)",
				);
				GCC_WARN_64_TO_32_BIT_CONVERSION = YES;
				GCC_WARN_ABOUT_RETURN_TYPE = YES_ERROR;
				GCC_WARN_UNDECLARED_SELECTOR = YES;
				GCC_WARN_UNINITIALIZED_AUTOS = YES_AGGRESSIVE;
				GCC_WARN_UNUSED_FUNCTION = YES;
				GCC_WARN_UNUSED_VARIABLE = YES;
				IPHONEOS_DEPLOYMENT_TARGET = 11.4;
				MTL_ENABLE_DEBUG_INFO = YES;
				ONLY_ACTIVE_ARCH = YES;
				SDKROOT = iphoneos;
				SWIFT_ACTIVE_COMPILATION_CONDITIONS = DEBUG;
				SWIFT_OPTIMIZATION_LEVEL = "-Onone";
			};
			name = Debug;
		};
		ADAA27FE2136B410009FE6D9 /* Release */ = {
			isa = XCBuildConfiguration;
			buildSettings = {
				ALWAYS_SEARCH_USER_PATHS = NO;
				CLANG_ANALYZER_NONNULL = YES;
				CLANG_ANALYZER_NUMBER_OBJECT_CONVERSION = YES_AGGRESSIVE;
				CLANG_CXX_LANGUAGE_STANDARD = "gnu++14";
				CLANG_CXX_LIBRARY = "libc++";
				CLANG_ENABLE_MODULES = YES;
				CLANG_ENABLE_OBJC_ARC = YES;
				CLANG_ENABLE_OBJC_WEAK = YES;
				CLANG_WARN_BLOCK_CAPTURE_AUTORELEASING = YES;
				CLANG_WARN_BOOL_CONVERSION = YES;
				CLANG_WARN_COMMA = YES;
				CLANG_WARN_CONSTANT_CONVERSION = YES;
				CLANG_WARN_DEPRECATED_OBJC_IMPLEMENTATIONS = YES;
				CLANG_WARN_DIRECT_OBJC_ISA_USAGE = YES_ERROR;
				CLANG_WARN_DOCUMENTATION_COMMENTS = YES;
				CLANG_WARN_EMPTY_BODY = YES;
				CLANG_WARN_ENUM_CONVERSION = YES;
				CLANG_WARN_INFINITE_RECURSION = YES;
				CLANG_WARN_INT_CONVERSION = YES;
				CLANG_WARN_NON_LITERAL_NULL_CONVERSION = YES;
				CLANG_WARN_OBJC_IMPLICIT_RETAIN_SELF = YES;
				CLANG_WARN_OBJC_LITERAL_CONVERSION = YES;
				CLANG_WARN_OBJC_ROOT_CLASS = YES_ERROR;
				CLANG_WARN_RANGE_LOOP_ANALYSIS = YES;
				CLANG_WARN_STRICT_PROTOTYPES = YES;
				CLANG_WARN_SUSPICIOUS_MOVE = YES;
				CLANG_WARN_UNGUARDED_AVAILABILITY = YES_AGGRESSIVE;
				CLANG_WARN_UNREACHABLE_CODE = YES;
				CLANG_WARN__DUPLICATE_METHOD_MATCH = YES;
				CODE_SIGN_IDENTITY = "iPhone Developer";
				COPY_PHASE_STRIP = NO;
				DEBUG_INFORMATION_FORMAT = "dwarf-with-dsym";
				ENABLE_NS_ASSERTIONS = NO;
				ENABLE_STRICT_OBJC_MSGSEND = YES;
				GCC_C_LANGUAGE_STANDARD = gnu11;
				GCC_NO_COMMON_BLOCKS = YES;
				GCC_WARN_64_TO_32_BIT_CONVERSION = YES;
				GCC_WARN_ABOUT_RETURN_TYPE = YES_ERROR;
				GCC_WARN_UNDECLARED_SELECTOR = YES;
				GCC_WARN_UNINITIALIZED_AUTOS = YES_AGGRESSIVE;
				GCC_WARN_UNUSED_FUNCTION = YES;
				GCC_WARN_UNUSED_VARIABLE = YES;
				IPHONEOS_DEPLOYMENT_TARGET = 11.4;
				MTL_ENABLE_DEBUG_INFO = NO;
				SDKROOT = iphoneos;
				SWIFT_COMPILATION_MODE = wholemodule;
				SWIFT_OPTIMIZATION_LEVEL = "-O";
				VALIDATE_PRODUCT = YES;
			};
			name = Release;
		};
		ADAA28002136B410009FE6D9 /* Debug */ = {
			isa = XCBuildConfiguration;
			buildSettings = {
				ASSETCATALOG_COMPILER_APPICON_NAME = AppIcon;
				CODE_SIGN_STYLE = Automatic;
				DEVELOPMENT_TEAM = JH94AQX2CF;
				INFOPLIST_FILE = Set/Info.plist;
				LD_RUNPATH_SEARCH_PATHS = (
					"$(inherited)",
					"@executable_path/Frameworks",
				);
				PRODUCT_BUNDLE_IDENTIFIER = com.stevenmcgrath.Set;
				PRODUCT_NAME = "$(TARGET_NAME)";
				SWIFT_VERSION = 4.0;
				TARGETED_DEVICE_FAMILY = "1,2";
			};
			name = Debug;
		};
		ADAA28012136B410009FE6D9 /* Release */ = {
			isa = XCBuildConfiguration;
			buildSettings = {
				ASSETCATALOG_COMPILER_APPICON_NAME = AppIcon;
				CODE_SIGN_STYLE = Automatic;
				DEVELOPMENT_TEAM = JH94AQX2CF;
				INFOPLIST_FILE = Set/Info.plist;
				LD_RUNPATH_SEARCH_PATHS = (
					"$(inherited)",
					"@executable_path/Frameworks",
				);
				PRODUCT_BUNDLE_IDENTIFIER = com.stevenmcgrath.Set;
				PRODUCT_NAME = "$(TARGET_NAME)";
				SWIFT_VERSION = 4.0;
				TARGETED_DEVICE_FAMILY = "1,2";
			};
			name = Release;
		};
/* End XCBuildConfiguration section */

/* Begin XCConfigurationList section */
		ADAA27E82136B40E009FE6D9 /* Build configuration list for PBXProject "Set" */ = {
			isa = XCConfigurationList;
			buildConfigurations = (
				ADAA27FD2136B410009FE6D9 /* Debug */,
				ADAA27FE2136B410009FE6D9 /* Release */,
			);
			defaultConfigurationIsVisible = 0;
			defaultConfigurationName = Release;
		};
		ADAA27FF2136B410009FE6D9 /* Build configuration list for PBXNativeTarget "Set" */ = {
			isa = XCConfigurationList;
			buildConfigurations = (
				ADAA28002136B410009FE6D9 /* Debug */,
				ADAA28012136B410009FE6D9 /* Release */,
			);
			defaultConfigurationIsVisible = 0;
			defaultConfigurationName = Release;
		};
/* End XCConfigurationList section */
	};
	rootObject = ADAA27E52136B40E009FE6D9 /* Project object */;
}
